
Microsoft Visual Studio Solution File, Format Version 12.00
# Visual Studio Version 17
VisualStudioVersion = 17.14.36414.22 d17.14
MinimumVisualStudioVersion = 10.0.40219.1
Project("{FAE04EC0-301F-11D3-BF4B-00C04F79EFBC}") = "5", "5\5.csproj", "{F0A8ABC9-327F-4731-AFCD-E7FDA0EC4DA0}"
EndProject
Global
	GlobalSection(SolutionConfigurationPlatforms) = preSolution
		Debug|Any CPU = Debug|Any CPU
		Release|Any CPU = Release|Any CPU
	EndGlobalSection
	GlobalSection(ProjectConfigurationPlatforms) = postSolution
		{F0A8ABC9-327F-4731-AFCD-E7FDA0EC4DA0}.Debug|Any CPU.ActiveCfg = Debug|Any CPU
		{F0A8ABC9-327F-4731-AFCD-E7FDA0EC4DA0}.Debug|Any CPU.Build.0 = Debug|Any CPU
		{F0A8ABC9-327F-4731-AFCD-E7FDA0EC4DA0}.Release|Any CPU.ActiveCfg = Release|Any CPU
		{F0A8ABC9-327F-4731-AFCD-E7FDA0EC4DA0}.Release|Any CPU.Build.0 = Release|Any CPU
	EndGlobalSection
	GlobalSection(SolutionProperties) = preSolution
		HideSolutionNode = FALSE
	EndGlobalSection
	GlobalSection(ExtensibilityGlobals) = postSolution
		SolutionGuid = {8BAE7A4B-35C8-4D84-933E-D6E06D064D57}
	EndGlobalSection
EndGlobal
