
Microsoft Visual Studio Solution File, Format Version 12.00
# Visual Studio Version 17
VisualStudioVersion = 17.14.36414.22 d17.14
MinimumVisualStudioVersion = 10.0.40219.1
Project("{FAE04EC0-301F-11D3-BF4B-00C04F79EFBC}") = "2", "2\2.csproj", "{D1487650-DE91-4A12-BFA8-727066C14A84}"
EndProject
Global
	GlobalSection(SolutionConfigurationPlatforms) = preSolution
		Debug|Any CPU = Debug|Any CPU
		Release|Any CPU = Release|Any CPU
	EndGlobalSection
	GlobalSection(ProjectConfigurationPlatforms) = postSolution
		{D1487650-DE91-4A12-BFA8-727066C14A84}.Debug|Any CPU.ActiveCfg = Debug|Any CPU
		{D1487650-DE91-4A12-BFA8-727066C14A84}.Debug|Any CPU.Build.0 = Debug|Any CPU
		{D1487650-DE91-4A12-BFA8-727066C14A84}.Release|Any CPU.ActiveCfg = Release|Any CPU
		{D1487650-DE91-4A12-BFA8-727066C14A84}.Release|Any CPU.Build.0 = Release|Any CPU
	EndGlobalSection
	GlobalSection(SolutionProperties) = preSolution
		HideSolutionNode = FALSE
	EndGlobalSection
	GlobalSection(ExtensibilityGlobals) = postSolution
		SolutionGuid = {62C6B342-17BF-4F40-9BCA-EC6DEF325573}
	EndGlobalSection
EndGlobal
