
Microsoft Visual Studio Solution File, Format Version 12.00
# Visual Studio Version 17
VisualStudioVersion = 17.14.36414.22 d17.14
MinimumVisualStudioVersion = 10.0.40219.1
Project("{FAE04EC0-301F-11D3-BF4B-00C04F79EFBC}") = "1", "1\1.csproj", "{2F644A0E-33AA-4B9B-AE63-C8B02E29D8C2}"
EndProject
Global
	GlobalSection(SolutionConfigurationPlatforms) = preSolution
		Debug|Any CPU = Debug|Any CPU
		Release|Any CPU = Release|Any CPU
	EndGlobalSection
	GlobalSection(ProjectConfigurationPlatforms) = postSolution
		{2F644A0E-33AA-4B9B-AE63-C8B02E29D8C2}.Debug|Any CPU.ActiveCfg = Debug|Any CPU
		{2F644A0E-33AA-4B9B-AE63-C8B02E29D8C2}.Debug|Any CPU.Build.0 = Debug|Any CPU
		{2F644A0E-33AA-4B9B-AE63-C8B02E29D8C2}.Release|Any CPU.ActiveCfg = Release|Any CPU
		{2F644A0E-33AA-4B9B-AE63-C8B02E29D8C2}.Release|Any CPU.Build.0 = Release|Any CPU
	EndGlobalSection
	GlobalSection(SolutionProperties) = preSolution
		HideSolutionNode = FALSE
	EndGlobalSection
	GlobalSection(ExtensibilityGlobals) = postSolution
		SolutionGuid = {5E197A16-26B7-430A-9FA9-5790128A5C74}
	EndGlobalSection
EndGlobal
