
Microsoft Visual Studio Solution File, Format Version 12.00
# Visual Studio Version 17
VisualStudioVersion = 17.14.36414.22 d17.14
MinimumVisualStudioVersion = 10.0.40219.1
Project("{FAE04EC0-301F-11D3-BF4B-00C04F79EFBC}") = "1", "1\1.csproj", "{20B1E3DF-19CF-4F5A-B822-9D6D02CABF57}"
EndProject
Global
	GlobalSection(SolutionConfigurationPlatforms) = preSolution
		Debug|Any CPU = Debug|Any CPU
		Release|Any CPU = Release|Any CPU
	EndGlobalSection
	GlobalSection(ProjectConfigurationPlatforms) = postSolution
		{20B1E3DF-19CF-4F5A-B822-9D6D02CABF57}.Debug|Any CPU.ActiveCfg = Debug|Any CPU
		{20B1E3DF-19CF-4F5A-B822-9D6D02CABF57}.Debug|Any CPU.Build.0 = Debug|Any CPU
		{20B1E3DF-19CF-4F5A-B822-9D6D02CABF57}.Release|Any CPU.ActiveCfg = Release|Any CPU
		{20B1E3DF-19CF-4F5A-B822-9D6D02CABF57}.Release|Any CPU.Build.0 = Release|Any CPU
	EndGlobalSection
	GlobalSection(SolutionProperties) = preSolution
		HideSolutionNode = FALSE
	EndGlobalSection
	GlobalSection(ExtensibilityGlobals) = postSolution
		SolutionGuid = {FA04BA3D-C28F-463B-B9A8-4E4FC83D3C6B}
	EndGlobalSection
EndGlobal
