
Microsoft Visual Studio Solution File, Format Version 12.00
# Visual Studio Version 17
VisualStudioVersion = 17.14.36414.22 d17.14
MinimumVisualStudioVersion = 10.0.40219.1
Project("{FAE04EC0-301F-11D3-BF4B-00C04F79EFBC}") = "4", "4\4.csproj", "{74CA4FF1-5AF3-4269-A2E8-F5A113D49AD9}"
EndProject
Global
	GlobalSection(SolutionConfigurationPlatforms) = preSolution
		Debug|Any CPU = Debug|Any CPU
		Release|Any CPU = Release|Any CPU
	EndGlobalSection
	GlobalSection(ProjectConfigurationPlatforms) = postSolution
		{74CA4FF1-5AF3-4269-A2E8-F5A113D49AD9}.Debug|Any CPU.ActiveCfg = Debug|Any CPU
		{74CA4FF1-5AF3-4269-A2E8-F5A113D49AD9}.Debug|Any CPU.Build.0 = Debug|Any CPU
		{74CA4FF1-5AF3-4269-A2E8-F5A113D49AD9}.Release|Any CPU.ActiveCfg = Release|Any CPU
		{74CA4FF1-5AF3-4269-A2E8-F5A113D49AD9}.Release|Any CPU.Build.0 = Release|Any CPU
	EndGlobalSection
	GlobalSection(SolutionProperties) = preSolution
		HideSolutionNode = FALSE
	EndGlobalSection
	GlobalSection(ExtensibilityGlobals) = postSolution
		SolutionGuid = {EE2C6EB6-CC1D-4D58-A656-ECDAE20979C6}
	EndGlobalSection
EndGlobal
