
Microsoft Visual Studio Solution File, Format Version 12.00
# Visual Studio Version 17
VisualStudioVersion = 17.14.36414.22 d17.14
MinimumVisualStudioVersion = 10.0.40219.1
Project("{FAE04EC0-301F-11D3-BF4B-00C04F79EFBC}") = "5", "5\5.csproj", "{16A5F1A7-B84A-4FB2-92E5-DEBE37175666}"
EndProject
Global
	GlobalSection(SolutionConfigurationPlatforms) = preSolution
		Debug|Any CPU = Debug|Any CPU
		Release|Any CPU = Release|Any CPU
	EndGlobalSection
	GlobalSection(ProjectConfigurationPlatforms) = postSolution
		{16A5F1A7-B84A-4FB2-92E5-DEBE37175666}.Debug|Any CPU.ActiveCfg = Debug|Any CPU
		{16A5F1A7-B84A-4FB2-92E5-DEBE37175666}.Debug|Any CPU.Build.0 = Debug|Any CPU
		{16A5F1A7-B84A-4FB2-92E5-DEBE37175666}.Release|Any CPU.ActiveCfg = Release|Any CPU
		{16A5F1A7-B84A-4FB2-92E5-DEBE37175666}.Release|Any CPU.Build.0 = Release|Any CPU
	EndGlobalSection
	GlobalSection(SolutionProperties) = preSolution
		HideSolutionNode = FALSE
	EndGlobalSection
	GlobalSection(ExtensibilityGlobals) = postSolution
		SolutionGuid = {283ED6D3-D9EE-4D1F-B02A-77F8AFA2FB5F}
	EndGlobalSection
EndGlobal
