
Microsoft Visual Studio Solution File, Format Version 12.00
# Visual Studio Version 17
VisualStudioVersion = 17.14.36414.22 d17.14
MinimumVisualStudioVersion = 10.0.40219.1
Project("{FAE04EC0-301F-11D3-BF4B-00C04F79EFBC}") = "3", "3\3.csproj", "{F6BE4563-93D0-4DDE-9B17-2E411F59A7EE}"
EndProject
Global
	GlobalSection(SolutionConfigurationPlatforms) = preSolution
		Debug|Any CPU = Debug|Any CPU
		Release|Any CPU = Release|Any CPU
	EndGlobalSection
	GlobalSection(ProjectConfigurationPlatforms) = postSolution
		{F6BE4563-93D0-4DDE-9B17-2E411F59A7EE}.Debug|Any CPU.ActiveCfg = Debug|Any CPU
		{F6BE4563-93D0-4DDE-9B17-2E411F59A7EE}.Debug|Any CPU.Build.0 = Debug|Any CPU
		{F6BE4563-93D0-4DDE-9B17-2E411F59A7EE}.Release|Any CPU.ActiveCfg = Release|Any CPU
		{F6BE4563-93D0-4DDE-9B17-2E411F59A7EE}.Release|Any CPU.Build.0 = Release|Any CPU
	EndGlobalSection
	GlobalSection(SolutionProperties) = preSolution
		HideSolutionNode = FALSE
	EndGlobalSection
	GlobalSection(ExtensibilityGlobals) = postSolution
		SolutionGuid = {FD0AF9EE-A4A5-4E0E-A3E7-0DD0C53D0FC3}
	EndGlobalSection
EndGlobal
