
Microsoft Visual Studio Solution File, Format Version 12.00
# Visual Studio Version 17
VisualStudioVersion = 17.14.36414.22 d17.14
MinimumVisualStudioVersion = 10.0.40219.1
Project("{FAE04EC0-301F-11D3-BF4B-00C04F79EFBC}") = "5", "5\5.csproj", "{DAAFDAD4-B703-4B08-BDDF-BE1868E1B818}"
EndProject
Global
	GlobalSection(SolutionConfigurationPlatforms) = preSolution
		Debug|Any CPU = Debug|Any CPU
		Release|Any CPU = Release|Any CPU
	EndGlobalSection
	GlobalSection(ProjectConfigurationPlatforms) = postSolution
		{DAAFDAD4-B703-4B08-BDDF-BE1868E1B818}.Debug|Any CPU.ActiveCfg = Debug|Any CPU
		{DAAFDAD4-B703-4B08-BDDF-BE1868E1B818}.Debug|Any CPU.Build.0 = Debug|Any CPU
		{DAAFDAD4-B703-4B08-BDDF-BE1868E1B818}.Release|Any CPU.ActiveCfg = Release|Any CPU
		{DAAFDAD4-B703-4B08-BDDF-BE1868E1B818}.Release|Any CPU.Build.0 = Release|Any CPU
	EndGlobalSection
	GlobalSection(SolutionProperties) = preSolution
		HideSolutionNode = FALSE
	EndGlobalSection
	GlobalSection(ExtensibilityGlobals) = postSolution
		SolutionGuid = {A1EB9AD0-B206-43F7-B8A1-3C3EF3BD8778}
	EndGlobalSection
EndGlobal
