
Microsoft Visual Studio Solution File, Format Version 12.00
# Visual Studio Version 17
VisualStudioVersion = 17.14.36414.22 d17.14
MinimumVisualStudioVersion = 10.0.40219.1
Project("{FAE04EC0-301F-11D3-BF4B-00C04F79EFBC}") = "4", "4\4.csproj", "{B31C13FD-C7CC-4EFB-B3C9-13E6EBC9525E}"
EndProject
Global
	GlobalSection(SolutionConfigurationPlatforms) = preSolution
		Debug|Any CPU = Debug|Any CPU
		Release|Any CPU = Release|Any CPU
	EndGlobalSection
	GlobalSection(ProjectConfigurationPlatforms) = postSolution
		{B31C13FD-C7CC-4EFB-B3C9-13E6EBC9525E}.Debug|Any CPU.ActiveCfg = Debug|Any CPU
		{B31C13FD-C7CC-4EFB-B3C9-13E6EBC9525E}.Debug|Any CPU.Build.0 = Debug|Any CPU
		{B31C13FD-C7CC-4EFB-B3C9-13E6EBC9525E}.Release|Any CPU.ActiveCfg = Release|Any CPU
		{B31C13FD-C7CC-4EFB-B3C9-13E6EBC9525E}.Release|Any CPU.Build.0 = Release|Any CPU
	EndGlobalSection
	GlobalSection(SolutionProperties) = preSolution
		HideSolutionNode = FALSE
	EndGlobalSection
	GlobalSection(ExtensibilityGlobals) = postSolution
		SolutionGuid = {5B75235D-E6B8-460E-BF77-8C149E32DF1E}
	EndGlobalSection
EndGlobal
