
Microsoft Visual Studio Solution File, Format Version 12.00
# Visual Studio Version 17
VisualStudioVersion = 17.14.36414.22 d17.14
MinimumVisualStudioVersion = 10.0.40219.1
Project("{FAE04EC0-301F-11D3-BF4B-00C04F79EFBC}") = "5", "5\5.csproj", "{8E592254-5174-4387-8EF4-53B614FBA162}"
EndProject
Global
	GlobalSection(SolutionConfigurationPlatforms) = preSolution
		Debug|Any CPU = Debug|Any CPU
		Release|Any CPU = Release|Any CPU
	EndGlobalSection
	GlobalSection(ProjectConfigurationPlatforms) = postSolution
		{8E592254-5174-4387-8EF4-53B614FBA162}.Debug|Any CPU.ActiveCfg = Debug|Any CPU
		{8E592254-5174-4387-8EF4-53B614FBA162}.Debug|Any CPU.Build.0 = Debug|Any CPU
		{8E592254-5174-4387-8EF4-53B614FBA162}.Release|Any CPU.ActiveCfg = Release|Any CPU
		{8E592254-5174-4387-8EF4-53B614FBA162}.Release|Any CPU.Build.0 = Release|Any CPU
	EndGlobalSection
	GlobalSection(SolutionProperties) = preSolution
		HideSolutionNode = FALSE
	EndGlobalSection
	GlobalSection(ExtensibilityGlobals) = postSolution
		SolutionGuid = {706A6A9A-407D-4A8C-A5AB-8C8BC667D33E}
	EndGlobalSection
EndGlobal
